<?xml version="1.0" encoding="utf-8"?>
<Project ToolsVersion="4.0" xmlns="http://schemas.microsoft.com/developer/msbuild/2003">
  <ItemGroup>
    <Filter Include="Source Files">
      <UniqueIdentifier>{4FC737F1-C7A5-4376-A066-2A32D752A2FF}</UniqueIdentifier>
      <Extensions>cpp;c;cc;cxx;def;odl;idl;hpj;bat;asm;asmx</Extensions>
    </Filter>
    <Filter Include="Header Files">
      <UniqueIdentifier>{93995380-89BD-4b04-88EB-625FBE52EBFB}</UniqueIdentifier>
      <Extensions>h;hh;hpp;hxx;hm;inl;inc;ipp;xsd</Extensions>
    </Filter>
    <Filter Include="Resource Files">
      <UniqueIdentifier>{67DA6AB6-F800-4c08-8B7A-83BB121AAD01}</UniqueIdentifier>
      <Extensions>rc;ico;cur;bmp;dlg;rc2;rct;bin;rgs;gif;jpg;jpeg;jpe;resx;tiff;tif;png;wav;mfcribbon-ms</Extensions>
    </Filter>
  </ItemGroup>
  <ItemGroup>
    <ClCompile Include="Main.cpp">
      <Filter>Source Files</Filter>
    </ClCompile>
    <ClCompile Include="Points.cpp">
      <Filter>Source Files</Filter>
    </ClCompile>
    <ClCompile Include="Dice.cpp">
      <Filter>Source Files</Filter>
    </ClCompile>
    <ClCompile Include="Player.cpp">
      <Filter>Source Files</Filter>
    </ClCompile>
    <ClCompile Include="YahtzeeGame.cpp">
      <Filter>Source Files</Filter>
    </ClCompile>
    <ClCompile Include="Menu.cpp">
      <Filter>Source Files</Filter>
    </ClCompile>
    <ClCompile Include="YathzeeGraphics.cpp">
      <Filter>Source Files</Filter>
    </ClCompile>
    <ClCompile Include="State.cpp">
      <Filter>Source Files</Filter>
    </ClCompile>
    <ClCompile Include="GameState.cpp">
      <Filter>Source Files</Filter>
    </ClCompile>
    <ClCompile Include="Entity.cpp">
      <Filter>Source Files</Filter>
    </ClCompile>
    <ClCompile Include="MainMenuState.cpp">
      <Filter>Source Files</Filter>
    </ClCompile>
    <ClCompile Include="Rules.cpp">
      <Filter>Source Files</Filter>
    </ClCompile>
    <ClCompile Include="Rules1.cpp">
      <Filter>Source Files</Filter>
    </ClCompile>
    <ClCompile Include="Rules2.cpp">
      <Filter>Source Files</Filter>
    </ClCompile>
    <ClCompile Include="UpperScores.cpp">
      <Filter>Source Files</Filter>
    </ClCompile>
    <ClCompile Include="LowerScores.cpp">
      <Filter>Source Files</Filter>
    </ClCompile>
    <ClCompile Include="ScratchOrDumpScores.cpp">
      <Filter>Source Files</Filter>
    </ClCompile>
    <ClCompile Include="GameGraphics.cpp">
      <Filter>Source Files</Filter>
    </ClCompile>
    <ClCompile Include="TheNameOfTheFirstPlayer.cpp">
      <Filter>Source Files</Filter>
    </ClCompile>
    <ClCompile Include="TheNameOfTheSecondPlayer.cpp">
      <Filter>Source Files</Filter>
    </ClCompile>
    <ClCompile Include="Hints.cpp">
      <Filter>Source Files</Filter>
    </ClCompile>
    <ClCompile Include="TheWinner.cpp">
      <Filter>Source Files</Filter>
    </ClCompile>
    <ClCompile Include="TopFive.cpp">
      <Filter>Source Files</Filter>
    </ClCompile>
  </ItemGroup>
  <ItemGroup>
    <ClInclude Include="Points.h">
      <Filter>Header Files</Filter>
    </ClInclude>
    <ClInclude Include="Dice.h">
      <Filter>Header Files</Filter>
    </ClInclude>
    <ClInclude Include="Player.h">
      <Filter>Header Files</Filter>
    </ClInclude>
    <ClInclude Include="YahtzeeGame.h">
      <Filter>Header Files</Filter>
    </ClInclude>
    <ClInclude Include="Menu.h">
      <Filter>Header Files</Filter>
    </ClInclude>
    <ClInclude Include="YathzeeGraphics.h">
      <Filter>Header Files</Filter>
    </ClInclude>
    <ClInclude Include="State.h">
      <Filter>Header Files</Filter>
    </ClInclude>
    <ClInclude Include="GameState.h">
      <Filter>Header Files</Filter>
    </ClInclude>
    <ClInclude Include="Entity.h">
      <Filter>Header Files</Filter>
    </ClInclude>
    <ClInclude Include="MainMenuState.h">
      <Filter>Header Files</Filter>
    </ClInclude>
    <ClInclude Include="Rules.h">
      <Filter>Header Files</Filter>
    </ClInclude>
    <ClInclude Include="Rules1.h">
      <Filter>Header Files</Filter>
    </ClInclude>
    <ClInclude Include="Rules2.h">
      <Filter>Header Files</Filter>
    </ClInclude>
    <ClInclude Include="UpperScores.h">
      <Filter>Header Files</Filter>
    </ClInclude>
    <ClInclude Include="LowerScores.h">
      <Filter>Header Files</Filter>
    </ClInclude>
    <ClInclude Include="ScratchOrDumpScores.h">
      <Filter>Header Files</Filter>
    </ClInclude>
    <ClInclude Include="GameGraphics.h">
      <Filter>Header Files</Filter>
    </ClInclude>
    <ClInclude Include="TheNameOfTheFirstPlayer.h">
      <Filter>Header Files</Filter>
    </ClInclude>
    <ClInclude Include="TheNameOfTheSecondPlayer.h">
      <Filter>Header Files</Filter>
    </ClInclude>
    <ClInclude Include="Hints.h">
      <Filter>Header Files</Filter>
    </ClInclude>
    <ClInclude Include="TheWinner.h">
      <Filter>Header Files</Filter>
    </ClInclude>
    <ClInclude Include="TopFive.h">
      <Filter>Header Files</Filter>
    </ClInclude>
  </ItemGroup>
</Project>